
Microsoft Visual Studio Solution File, Format Version 12.00
# Visual Studio Version 17
VisualStudioVersion = 17.4.33213.308
MinimumVisualStudioVersion = 10.0.40219.1
Project("{9A19103F-16F7-4668-BE54-9A1E7A4F7556}") = "Lab_02", "Lab_02\Lab_02.csproj", "{58D108D9-54A0-4626-B0B1-C8D422215502}"
EndProject
Project("{9A19103F-16F7-4668-BE54-9A1E7A4F7556}") = "Zad_01", "Zad_01\Zad_01.csproj", "{08FA2B6A-8C75-47AD-AAFD-15ECE953877F}"
EndProject
Project("{9A19103F-16F7-4668-BE54-9A1E7A4F7556}") = "Zad_02", "Zad_02\Zad_02.csproj", "{5660CA0D-BB15-48A0-8A44-B0CBA0C6D971}"
EndProject
Project("{FAE04EC0-301F-11D3-BF4B-00C04F79EFBC}") = "Zad_03", "Zad_03\Zad_03.csproj", "{64F9582E-FF46-4709-8A9A-7E63DF06CB05}"
EndProject
Project("{FAE04EC0-301F-11D3-BF4B-00C04F79EFBC}") = "Zad_04", "Zad_04\Zad_04.csproj", "{5C1ECD07-3D01-45ED-A632-C4C6CD9593D1}"
EndProject
Global
	GlobalSection(SolutionConfigurationPlatforms) = preSolution
		Debug|Any CPU = Debug|Any CPU
		Release|Any CPU = Release|Any CPU
	EndGlobalSection
	GlobalSection(ProjectConfigurationPlatforms) = postSolution
		{58D108D9-54A0-4626-B0B1-C8D422215502}.Debug|Any CPU.ActiveCfg = Debug|Any CPU
		{58D108D9-54A0-4626-B0B1-C8D422215502}.Debug|Any CPU.Build.0 = Debug|Any CPU
		{58D108D9-54A0-4626-B0B1-C8D422215502}.Release|Any CPU.ActiveCfg = Release|Any CPU
		{58D108D9-54A0-4626-B0B1-C8D422215502}.Release|Any CPU.Build.0 = Release|Any CPU
		{08FA2B6A-8C75-47AD-AAFD-15ECE953877F}.Debug|Any CPU.ActiveCfg = Debug|Any CPU
		{08FA2B6A-8C75-47AD-AAFD-15ECE953877F}.Debug|Any CPU.Build.0 = Debug|Any CPU
		{08FA2B6A-8C75-47AD-AAFD-15ECE953877F}.Release|Any CPU.ActiveCfg = Release|Any CPU
		{08FA2B6A-8C75-47AD-AAFD-15ECE953877F}.Release|Any CPU.Build.0 = Release|Any CPU
		{5660CA0D-BB15-48A0-8A44-B0CBA0C6D971}.Debug|Any CPU.ActiveCfg = Debug|Any CPU
		{5660CA0D-BB15-48A0-8A44-B0CBA0C6D971}.Debug|Any CPU.Build.0 = Debug|Any CPU
		{5660CA0D-BB15-48A0-8A44-B0CBA0C6D971}.Release|Any CPU.ActiveCfg = Release|Any CPU
		{5660CA0D-BB15-48A0-8A44-B0CBA0C6D971}.Release|Any CPU.Build.0 = Release|Any CPU
		{64F9582E-FF46-4709-8A9A-7E63DF06CB05}.Debug|Any CPU.ActiveCfg = Debug|Any CPU
		{64F9582E-FF46-4709-8A9A-7E63DF06CB05}.Debug|Any CPU.Build.0 = Debug|Any CPU
		{64F9582E-FF46-4709-8A9A-7E63DF06CB05}.Release|Any CPU.ActiveCfg = Release|Any CPU
		{64F9582E-FF46-4709-8A9A-7E63DF06CB05}.Release|Any CPU.Build.0 = Release|Any CPU
		{5C1ECD07-3D01-45ED-A632-C4C6CD9593D1}.Debug|Any CPU.ActiveCfg = Debug|Any CPU
		{5C1ECD07-3D01-45ED-A632-C4C6CD9593D1}.Debug|Any CPU.Build.0 = Debug|Any CPU
		{5C1ECD07-3D01-45ED-A632-C4C6CD9593D1}.Release|Any CPU.ActiveCfg = Release|Any CPU
		{5C1ECD07-3D01-45ED-A632-C4C6CD9593D1}.Release|Any CPU.Build.0 = Release|Any CPU
	EndGlobalSection
	GlobalSection(SolutionProperties) = preSolution
		HideSolutionNode = FALSE
	EndGlobalSection
	GlobalSection(ExtensibilityGlobals) = postSolution
		SolutionGuid = {7167817F-B91C-44A5-9812-9C1B3D05220F}
	EndGlobalSection
EndGlobal
